
Microsoft Visual Studio Solution File, Format Version 12.00
# Visual Studio Version 16
VisualStudioVersion = 16.0.31019.35
MinimumVisualStudioVersion = 10.0.40219.1
Project("{FAE04EC0-301F-11D3-BF4B-00C04F79EFBC}") = "MusicDBWebApp", "MusicDBWebApp\MusicDBWebApp.csproj", "{104E6876-C15F-43FE-9D10-2D31375612E7}"
EndProject
Global
	GlobalSection(SolutionConfigurationPlatforms) = preSolution
		Debug|Any CPU = Debug|Any CPU
		Release|Any CPU = Release|Any CPU
	EndGlobalSection
	GlobalSection(ProjectConfigurationPlatforms) = postSolution
		{104E6876-C15F-43FE-9D10-2D31375612E7}.Debug|Any CPU.ActiveCfg = Debug|Any CPU
		{104E6876-C15F-43FE-9D10-2D31375612E7}.Debug|Any CPU.Build.0 = Debug|Any CPU
		{104E6876-C15F-43FE-9D10-2D31375612E7}.Release|Any CPU.ActiveCfg = Release|Any CPU
		{104E6876-C15F-43FE-9D10-2D31375612E7}.Release|Any CPU.Build.0 = Release|Any CPU
	EndGlobalSection
	GlobalSection(SolutionProperties) = preSolution
		HideSolutionNode = FALSE
	EndGlobalSection
	GlobalSection(ExtensibilityGlobals) = postSolution
		SolutionGuid = {96E7E134-58DB-4E61-B521-826B2D9AB6C4}
	EndGlobalSection
EndGlobal
